# THIS IS AN AUTOGENERATED FILE. DO NOT EDIT THIS FILE DIRECTLY.
# yarn lockfile v1


highlight.js@^11.8.0:
  version "11.8.0"
  resolved "https://registry.yarnpkg.com/highlight.js/-/highlight.js-11.8.0.tgz#966518ea83257bae2e7c9a48596231856555bb65"
  integrity sha512-MedQhoqVdr0U6SSnWPzfiadUcDHfN/Wzq25AkXiQv9oiOO/sG0S7XkvpFIqWBl9Yq1UYyYOOVORs5UW2XlPyzg==

ngx-highlightjs@^10.0.0:
  version "10.0.0"
  resolved "https://registry.yarnpkg.com/ngx-highlightjs/-/ngx-highlightjs-10.0.0.tgz#e28cdc652e6396c5d99e691354989b20fe72c1d7"
  integrity sha512-F5VXB6vnpiTPMADUoCEkyc2wnqpKUNvfeAP4tO//NrwdQP2sQK6MfPg+jHL2adoJE5LIchsJlpq6C0r+KmlOSA==
  dependencies:
    highlight.js "^11.8.0"
    tslib "^2.0.0"

tslib@^2.0.0:
  version "2.6.2"
  resolved "https://registry.yarnpkg.com/tslib/-/tslib-2.6.2.tgz#703ac29425e7b37cd6fd456e92404d46d1f3e4ae"
  integrity sha512-AEYxH93jGFPn/a2iVAwW87VuUIkR1FVUKB77NwMF7nBTDkDrrT/Hpt/IrCJ0QXhW27jTBDcf5ZY7w6RiqTMw2Q==

tslib@^2.3.0:
  version "2.6.1"
  resolved "https://registry.yarnpkg.com/tslib/-/tslib-2.6.1.tgz#fd8c9a0ff42590b25703c0acb3de3d3f4ede0410"
  integrity sha512-t0hLfiEKfMUoqhG+U1oid7Pva4bbDPHYfJNiB7BiIjRkj1pyC++4N3huJfqY6aRH6VTB0rvtzQwjM4K6qpfOig==
