# THIS IS AN AUTOGENERATED FILE. DO NOT EDIT THIS FILE DIRECTLY.
# yarn lockfile v1


luxon@^3.4.3:
  version "3.4.3"
  resolved "https://registry.yarnpkg.com/luxon/-/luxon-3.4.3.tgz#8ddf0358a9492267ffec6a13675fbaab5551315d"
  integrity sha512-tFWBiv3h7z+T/tDaoxA8rqTxy1CHV6gHS//QdaH4pulbq/JuBSGgQspQQqcgnwdAx6pNI7cmvz5Sv/addzHmUg==

ngx-bootstrap@^11.0.2:
  version "11.0.2"
  resolved "https://registry.yarnpkg.com/ngx-bootstrap/-/ngx-bootstrap-11.0.2.tgz#ed1d0e254ef16ba8245cd9a3450404dc81aabef6"
  integrity sha512-McvQ72XB6692Jus47jahWWwjpSCa6EtHMIqoyMewKCEHMv0ybDgVnOAdEsWKvwfulowHn7Y/jDjeiURwYJG9cQ==
  dependencies:
    tslib "^2.3.0"

tslib@^2.3.0:
  version "2.6.1"
  resolved "https://registry.yarnpkg.com/tslib/-/tslib-2.6.1.tgz#fd8c9a0ff42590b25703c0acb3de3d3f4ede0410"
  integrity sha512-t0hLfiEKfMUoqhG+U1oid7Pva4bbDPHYfJNiB7BiIjRkj1pyC++4N3huJfqY6aRH6VTB0rvtzQwjM4K6qpfOig==
